
Microsoft Visual Studio Solution File, Format Version 12.00
# Visual Studio Version 17
VisualStudioVersion = 17.0.32014.148
MinimumVisualStudioVersion = 10.0.40219.1
Project("{FAE04EC0-301F-11D3-BF4B-00C04F79EFBC}") = "CarsApp", "CarsApp.csproj", "{CB65798C-EE7C-4E40-8854-0FCD488CF152}"
EndProject
Global
	GlobalSection(SolutionConfigurationPlatforms) = preSolution
		Debug|Any CPU = Debug|Any CPU
		Release|Any CPU = Release|Any CPU
	EndGlobalSection
	GlobalSection(ProjectConfigurationPlatforms) = postSolution
		{CB65798C-EE7C-4E40-8854-0FCD488CF152}.Debug|Any CPU.ActiveCfg = Debug|Any CPU
		{CB65798C-EE7C-4E40-8854-0FCD488CF152}.Debug|Any CPU.Build.0 = Debug|Any CPU
		{CB65798C-EE7C-4E40-8854-0FCD488CF152}.Release|Any CPU.ActiveCfg = Release|Any CPU
		{CB65798C-EE7C-4E40-8854-0FCD488CF152}.Release|Any CPU.Build.0 = Release|Any CPU
	EndGlobalSection
	GlobalSection(SolutionProperties) = preSolution
		HideSolutionNode = FALSE
	EndGlobalSection
	GlobalSection(ExtensibilityGlobals) = postSolution
		SolutionGuid = {736B121E-832D-4E52-B196-564A3BADD8B0}
	EndGlobalSection
EndGlobal
